---
path: ".gem_rbs_collection"
gems:
- name: dbm
  version: '0'
  source:
    type: stdlib
- name: domainic-attributer
  version: 0.2.0
  source:
    type: rubygems
- name: domainic-dev
  version: 0.1.0
  source:
    type: rubygems
- name: domainic-type
  version: 0.1.0.alpha.3.0.0
  source:
    type: rubygems
- name: fileutils
  version: '0'
  source:
    type: stdlib
- name: forwardable
  version: '0'
  source:
    type: stdlib
- name: pathname
  version: '0'
  source:
    type: stdlib
- name: pstore
  version: '0'
  source:
    type: stdlib
- name: psych
  version: '0'
  source:
    type: stdlib
- name: thor
  version: '1.2'
  source:
    type: git
    name: ruby/gem_rbs_collection
    revision: 71fb7ae83789ae150bdee1cd8a7cd3035b5d79e2
    remote: https://github.com/ruby/gem_rbs_collection.git
    repo_dir: gems
- name: yaml
  version: '0'
  source:
    type: stdlib
gemfile_lock_path: Gemfile.lock
